
Microsoft Visual Studio Solution File, Format Version 12.00
# Visual Studio Version 17
VisualStudioVersion = 17.4.33205.214
MinimumVisualStudioVersion = 10.0.40219.1
Project("{2150E333-8FDC-42A3-9474-1A3956D46DE8}") = "src", "src", "{EE25554E-2423-4039-B913-65619F259C47}"
EndProject
Project("{2150E333-8FDC-42A3-9474-1A3956D46DE8}") = "test", "test", "{61E8B614-4657-4E4B-A820-0B806B705AB2}"
EndProject
Project("{2150E333-8FDC-42A3-9474-1A3956D46DE8}") = "API", "API", "{4898C6AA-BD17-4A54-A4F8-AD8746073F60}"
EndProject
Project("{2150E333-8FDC-42A3-9474-1A3956D46DE8}") = "Core", "Core", "{6F7583FB-0782-42B9-A808-4346119EC4B1}"
EndProject
Project("{2150E333-8FDC-42A3-9474-1A3956D46DE8}") = "Infrastructure", "Infrastructure", "{E19AAEC3-055D-4E1B-BC7B-5D66CF7F73B9}"
EndProject
Project("{9A19103F-16F7-4668-BE54-9A1E7A4F7556}") = "GloboTicket.TicketManagement.Domain", "GloboTicket.TicketManagement.Domain\GloboTicket.TicketManagement.Domain.csproj", "{7A7BE7A9-218D-42F1-A192-D266CF94E8CC}"
EndProject
Project("{9A19103F-16F7-4668-BE54-9A1E7A4F7556}") = "GloboTicket.TicketManagement.Application", "GloboTicket.TicketManagement.Application\GloboTicket.TicketManagement.Application.csproj", "{C6056B2C-045B-42B5-BF28-F1461453BD85}"
EndProject
Project("{9A19103F-16F7-4668-BE54-9A1E7A4F7556}") = "GloboTicket.TicketManagement.Persistence", "GloboTicket.TicketManagement.Persistence\GloboTicket.TicketManagement.Persistence.csproj", "{91C2F541-C20C-4183-B407-E4FD7C8714D8}"
EndProject
Project("{9A19103F-16F7-4668-BE54-9A1E7A4F7556}") = "GloboTicket.TicketManagement.Infrastructure", "GloboTicket.TicketManagement.Infrastructure\GloboTicket.TicketManagement.Infrastructure.csproj", "{2DE96668-7F76-4298-867A-FE8D3197A4CB}"
EndProject
Project("{9A19103F-16F7-4668-BE54-9A1E7A4F7556}") = "GloboTicket.TicketManagement.Api", "GloboTicket.TicketManagement.Api\GloboTicket.TicketManagement.Api.csproj", "{6850A2FA-CBAE-4863-93E1-A807185B6CEA}"
EndProject
Global
	GlobalSection(SolutionConfigurationPlatforms) = preSolution
		Debug|Any CPU = Debug|Any CPU
		Release|Any CPU = Release|Any CPU
	EndGlobalSection
	GlobalSection(ProjectConfigurationPlatforms) = postSolution
		{7A7BE7A9-218D-42F1-A192-D266CF94E8CC}.Debug|Any CPU.ActiveCfg = Debug|Any CPU
		{7A7BE7A9-218D-42F1-A192-D266CF94E8CC}.Debug|Any CPU.Build.0 = Debug|Any CPU
		{7A7BE7A9-218D-42F1-A192-D266CF94E8CC}.Release|Any CPU.ActiveCfg = Release|Any CPU
		{7A7BE7A9-218D-42F1-A192-D266CF94E8CC}.Release|Any CPU.Build.0 = Release|Any CPU
		{C6056B2C-045B-42B5-BF28-F1461453BD85}.Debug|Any CPU.ActiveCfg = Debug|Any CPU
		{C6056B2C-045B-42B5-BF28-F1461453BD85}.Debug|Any CPU.Build.0 = Debug|Any CPU
		{C6056B2C-045B-42B5-BF28-F1461453BD85}.Release|Any CPU.ActiveCfg = Release|Any CPU
		{C6056B2C-045B-42B5-BF28-F1461453BD85}.Release|Any CPU.Build.0 = Release|Any CPU
		{91C2F541-C20C-4183-B407-E4FD7C8714D8}.Debug|Any CPU.ActiveCfg = Debug|Any CPU
		{91C2F541-C20C-4183-B407-E4FD7C8714D8}.Debug|Any CPU.Build.0 = Debug|Any CPU
		{91C2F541-C20C-4183-B407-E4FD7C8714D8}.Release|Any CPU.ActiveCfg = Release|Any CPU
		{91C2F541-C20C-4183-B407-E4FD7C8714D8}.Release|Any CPU.Build.0 = Release|Any CPU
		{2DE96668-7F76-4298-867A-FE8D3197A4CB}.Debug|Any CPU.ActiveCfg = Debug|Any CPU
		{2DE96668-7F76-4298-867A-FE8D3197A4CB}.Debug|Any CPU.Build.0 = Debug|Any CPU
		{2DE96668-7F76-4298-867A-FE8D3197A4CB}.Release|Any CPU.ActiveCfg = Release|Any CPU
		{2DE96668-7F76-4298-867A-FE8D3197A4CB}.Release|Any CPU.Build.0 = Release|Any CPU
		{6850A2FA-CBAE-4863-93E1-A807185B6CEA}.Debug|Any CPU.ActiveCfg = Debug|Any CPU
		{6850A2FA-CBAE-4863-93E1-A807185B6CEA}.Debug|Any CPU.Build.0 = Debug|Any CPU
		{6850A2FA-CBAE-4863-93E1-A807185B6CEA}.Release|Any CPU.ActiveCfg = Release|Any CPU
		{6850A2FA-CBAE-4863-93E1-A807185B6CEA}.Release|Any CPU.Build.0 = Release|Any CPU
	EndGlobalSection
	GlobalSection(SolutionProperties) = preSolution
		HideSolutionNode = FALSE
	EndGlobalSection
	GlobalSection(NestedProjects) = preSolution
		{4898C6AA-BD17-4A54-A4F8-AD8746073F60} = {EE25554E-2423-4039-B913-65619F259C47}
		{6F7583FB-0782-42B9-A808-4346119EC4B1} = {EE25554E-2423-4039-B913-65619F259C47}
		{E19AAEC3-055D-4E1B-BC7B-5D66CF7F73B9} = {EE25554E-2423-4039-B913-65619F259C47}
		{7A7BE7A9-218D-42F1-A192-D266CF94E8CC} = {6F7583FB-0782-42B9-A808-4346119EC4B1}
		{C6056B2C-045B-42B5-BF28-F1461453BD85} = {6F7583FB-0782-42B9-A808-4346119EC4B1}
		{91C2F541-C20C-4183-B407-E4FD7C8714D8} = {E19AAEC3-055D-4E1B-BC7B-5D66CF7F73B9}
		{2DE96668-7F76-4298-867A-FE8D3197A4CB} = {E19AAEC3-055D-4E1B-BC7B-5D66CF7F73B9}
		{6850A2FA-CBAE-4863-93E1-A807185B6CEA} = {4898C6AA-BD17-4A54-A4F8-AD8746073F60}
	EndGlobalSection
	GlobalSection(ExtensibilityGlobals) = postSolution
		SolutionGuid = {8F49375B-443B-45A6-B0E1-CE3CA9625E66}
	EndGlobalSection
EndGlobal
